{
  "name": "test",
  "version": "1.0.0",
  "lockfileVersion": 3,
  "requires": true,
  "packages": {
    "": {
      "name": "test",
      "version": "1.0.0",
      "license": "ISC",
      "dependencies": {
        "phone-number-to-timezone": "^1.0.8"
      }
    },
    "node_modules/phone-number-to-timezone": {
      "version": "1.0.8",
      "resolved": "https://registry.npmjs.org/phone-number-to-timezone/-/phone-number-to-timezone-1.0.8.tgz",
      "integrity": "sha512-pWfc0zqgB7pGhrvUVNF5cL+6txkwRQVZzKSNYlWTXostjG0kLCIAgbdx4TbBQ04J0B2waaC182s6BT8YzwzbZw==",
      "license": "MIT"
    }
  }
}
